<?xml version="1.0" encoding="utf-8"?>
<Project ToolsVersion="4.0" xmlns="http://schemas.microsoft.com/developer/msbuild/2003">
  <ItemGroup>
    <Filter Include="Source Files">
      <UniqueIdentifier>{359572e7-201b-4bf8-8d6d-4a0a7d107d69}</UniqueIdentifier>
    </Filter>
    <Filter Include="Generated Files">
      <UniqueIdentifier>{e523413a-4dc7-4cab-b08e-f26b7e3da15a}</UniqueIdentifier>
      <SourceControlFiles>False</SourceControlFiles>
    </Filter>
  </ItemGroup>
  <ItemGroup>
    <None Include="Netps.def" />
  </ItemGroup>
  <ItemGroup>
    <ClCompile Include="Net_i.c">
      <Filter>Generated Files</Filter>
    </ClCompile>
    <ClCompile Include="Net_p.c">
      <Filter>Generated Files</Filter>
    </ClCompile>
    <ClCompile Include="dlldata.c">
      <Filter>Generated Files</Filter>
    </ClCompile>
  </ItemGroup>
</Project>